{
	"requires": true,
	"lockfileVersion": 1,
	"dependencies": {
		"8fold-marked": {
			"version": "0.3.9",
			"resolved": "https://registry.npmjs.org/8fold-marked/-/8fold-marked-0.3.9.tgz",
			"integrity": "sha512-OmVTXzmvQk/WuVZnOa+sT6wpkLrkPrjYanXS3X0ib1yk6315iwuPmvwKkOOdpqznYmavyT2ZCDOo6MeFe4xSog=="
		},
		"array-filter": {
			"version": "0.0.1",
			"resolved": "https://registry.npmjs.org/array-filter/-/array-filter-0.0.1.tgz",
			"integrity": "sha1-fajPLiZijtcygDWB/SH2fKzS7uw="
		},
		"array-map": {
			"version": "0.0.0",
			"resolved": "https://registry.npmjs.org/array-map/-/array-map-0.0.0.tgz",
			"integrity": "sha1-iKK6tz0c97zVwbEYoAP2b2ZfpmI="
		},
		"array-reduce": {
			"version": "0.0.0",
			"resolved": "https://registry.npmjs.org/array-reduce/-/array-reduce-0.0.0.tgz",
			"integrity": "sha1-FziZ0//Rx9k4PkR5Ul2+J4yrXys="
		},
		"array-uniq": {
			"version": "1.0.3",
			"resolved": "https://registry.npmjs.org/array-uniq/-/array-uniq-1.0.3.tgz",
			"integrity": "sha1-r2rId6Jcx/dOBYiUdThY39sk/bY="
		},
		"charset": {
			"version": "1.0.1",
			"resolved": "https://registry.npmjs.org/charset/-/charset-1.0.1.tgz",
			"integrity": "sha512-6dVyOOYjpfFcL1Y4qChrAoQLRHvj2ziyhcm0QJlhOcAhykL/k1kTUPbeo+87MNRTRdk2OIIsIXbuF3x2wi5EXg=="
		},
		"commander": {
			"version": "2.12.1",
			"resolved": "https://registry.npmjs.org/commander/-/commander-2.12.1.tgz",
			"integrity": "sha512-PCNLExLlI5HiPdaJs4pMXwOTHkSCpNQ1QJH9ykZLKtKEyKu3p9HgmH5l97vM8c0IUz6d54l+xEu2GG9yuYrFzA=="
		},
		"core-util-is": {
			"version": "1.0.2",
			"resolved": "https://registry.npmjs.org/core-util-is/-/core-util-is-1.0.2.tgz",
			"integrity": "sha1-tf1UIgqivFq1eqtxQMlAdUUDwac="
		},
		"dom-serializer": {
			"version": "0.1.0",
			"resolved": "https://registry.npmjs.org/dom-serializer/-/dom-serializer-0.1.0.tgz",
			"integrity": "sha1-BzxpdUbOB4DOI75KKOKT5AvDDII=",
			"requires": {
				"domelementtype": "1.1.3",
				"entities": "1.1.1"
			},
			"dependencies": {
				"domelementtype": {
					"version": "1.1.3",
					"resolved": "https://registry.npmjs.org/domelementtype/-/domelementtype-1.1.3.tgz",
					"integrity": "sha1-vSh3PiZCiBrsUVRJJCmcXNgiGFs="
				}
			}
		},
		"domelementtype": {
			"version": "1.3.0",
			"resolved": "https://registry.npmjs.org/domelementtype/-/domelementtype-1.3.0.tgz",
			"integrity": "sha1-sXrtguirWeUt2cGbF1bg/BhyBMI="
		},
		"domhandler": {
			"version": "2.4.1",
			"resolved": "https://registry.npmjs.org/domhandler/-/domhandler-2.4.1.tgz",
			"integrity": "sha1-iS5HAAqZvlW783dP/qBWHYh5wlk=",
			"requires": {
				"domelementtype": "1.3.0"
			}
		},
		"domutils": {
			"version": "1.6.2",
			"resolved": "https://registry.npmjs.org/domutils/-/domutils-1.6.2.tgz",
			"integrity": "sha1-GVjMC0yUJuntNn+xyOhUiRsPo/8=",
			"requires": {
				"dom-serializer": "0.1.0",
				"domelementtype": "1.3.0"
			}
		},
		"entities": {
			"version": "1.1.1",
			"resolved": "https://registry.npmjs.org/entities/-/entities-1.1.1.tgz",
			"integrity": "sha1-blwtClYhtdra7O+AuQ7ftc13cvA="
		},
		"escape-html": {
			"version": "1.0.3",
			"resolved": "https://registry.npmjs.org/escape-html/-/escape-html-1.0.3.tgz",
			"integrity": "sha1-Aljq5NPQwJdN4cFpGI7wBR0dGYg="
		},
		"file-type": {
			"version": "3.9.0",
			"resolved": "https://registry.npmjs.org/file-type/-/file-type-3.9.0.tgz",
			"integrity": "sha1-JXoHg4TR24CHvESdEH1SpSZyuek="
		},
		"htmlparser2": {
			"version": "3.9.2",
			"resolved": "https://registry.npmjs.org/htmlparser2/-/htmlparser2-3.9.2.tgz",
			"integrity": "sha1-G9+HrMoPP55T+k/M6w9LTLsAszg=",
			"requires": {
				"domelementtype": "1.3.0",
				"domhandler": "2.4.1",
				"domutils": "1.6.2",
				"entities": "1.1.1",
				"inherits": "2.0.3",
				"readable-stream": "2.3.3"
			}
		},
		"http-reasons": {
			"version": "0.1.0",
			"resolved": "https://registry.npmjs.org/http-reasons/-/http-reasons-0.1.0.tgz",
			"integrity": "sha1-qVPKZwB4Zp3eFCzomUAbnW6F07Q="
		},
		"iconv-lite": {
			"version": "0.4.19",
			"resolved": "https://registry.npmjs.org/iconv-lite/-/iconv-lite-0.4.19.tgz",
			"integrity": "sha512-oTZqweIP51xaGPI4uPa56/Pri/480R+mo7SeU+YETByQNhDG55ycFyNLIgta9vXhILrxXDmF7ZGhqZIcuN0gJQ=="
		},
		"inherits": {
			"version": "2.0.3",
			"resolved": "https://registry.npmjs.org/inherits/-/inherits-2.0.3.tgz",
			"integrity": "sha1-Yzwsg+PaQqUC9SRmAiSA9CCCYd4="
		},
		"isarray": {
			"version": "1.0.0",
			"resolved": "https://registry.npmjs.org/isarray/-/isarray-1.0.0.tgz",
			"integrity": "sha1-u5NdSFgsuhaMBoNJV6VKPgcSTxE="
		},
		"jsonify": {
			"version": "0.0.0",
			"resolved": "https://registry.npmjs.org/jsonify/-/jsonify-0.0.0.tgz",
			"integrity": "sha1-LHS27kHZPKUbe1qu6PUDYx0lKnM="
		},
		"liquid-json": {
			"version": "0.3.1",
			"resolved": "https://registry.npmjs.org/liquid-json/-/liquid-json-0.3.1.tgz",
			"integrity": "sha1-kVWhgTbYprJhXl8W+aJEira1Duo="
		},
		"lodash": {
			"version": "4.17.4",
			"resolved": "https://registry.npmjs.org/lodash/-/lodash-4.17.4.tgz",
			"integrity": "sha1-eCA6TRwyiuHYbcpkYONptX9AVa4="
		},
		"lodash.escaperegexp": {
			"version": "4.1.2",
			"resolved": "https://registry.npmjs.org/lodash.escaperegexp/-/lodash.escaperegexp-4.1.2.tgz",
			"integrity": "sha1-ZHYsSGGAglGKw99Mz11YhtriA0c="
		},
		"mime-db": {
			"version": "1.30.0",
			"resolved": "https://registry.npmjs.org/mime-db/-/mime-db-1.30.0.tgz",
			"integrity": "sha1-dMZD2i3Z1qRTmZY0ZbJtXKfXHwE="
		},
		"mime-format": {
			"version": "2.0.0",
			"resolved": "https://registry.npmjs.org/mime-format/-/mime-format-2.0.0.tgz",
			"integrity": "sha1-4p+IkeKE14JwJG8AUNaDS9u+EzI=",
			"requires": {
				"charset": "1.0.1"
			}
		},
		"mime-types": {
			"version": "2.1.17",
			"resolved": "https://registry.npmjs.org/mime-types/-/mime-types-2.1.17.tgz",
			"integrity": "sha1-Cdejk/A+mVp5+K+Fe3Cp4KsWVXo=",
			"requires": {
				"mime-db": "1.30.0"
			}
		},
		"number-is-nan": {
			"version": "1.0.1",
			"resolved": "https://registry.npmjs.org/number-is-nan/-/number-is-nan-1.0.1.tgz",
			"integrity": "sha1-CXtgK1NCKlIsGvuHkDGDNpQaAR0="
		},
		"postman-collection": {
			"version": "3.0.6",
			"resolved": "https://registry.npmjs.org/postman-collection/-/postman-collection-3.0.6.tgz",
			"integrity": "sha1-O8IwcVing5ZKRzysgvINJv/fVQA=",
			"requires": {
				"8fold-marked": "0.3.9",
				"escape-html": "1.0.3",
				"file-type": "3.9.0",
				"http-reasons": "0.1.0",
				"iconv-lite": "0.4.19",
				"liquid-json": "0.3.1",
				"lodash": "4.17.4",
				"mime-format": "2.0.0",
				"mime-types": "2.1.17",
				"postman-url-encoder": "1.0.1",
				"sanitize-html": "1.15.0",
				"semver": "5.4.1",
				"uuid": "3.1.0"
			}
		},
		"postman-url-encoder": {
			"version": "1.0.1",
			"resolved": "https://registry.npmjs.org/postman-url-encoder/-/postman-url-encoder-1.0.1.tgz",
			"integrity": "sha1-oJSkLpQV/wu/3ODqqOYBHUSe6Dw="
		},
		"process-nextick-args": {
			"version": "1.0.7",
			"resolved": "https://registry.npmjs.org/process-nextick-args/-/process-nextick-args-1.0.7.tgz",
			"integrity": "sha1-FQ4gt1ZZCtP5EJPyWk8q2L/zC6M="
		},
		"readable-stream": {
			"version": "2.3.3",
			"resolved": "https://registry.npmjs.org/readable-stream/-/readable-stream-2.3.3.tgz",
			"integrity": "sha512-m+qzzcn7KUxEmd1gMbchF+Y2eIUbieUaxkWtptyHywrX0rE8QEYqPC07Vuy4Wm32/xE16NcdBctb8S0Xe/5IeQ==",
			"requires": {
				"core-util-is": "1.0.2",
				"inherits": "2.0.3",
				"isarray": "1.0.0",
				"process-nextick-args": "1.0.7",
				"safe-buffer": "5.1.1",
				"string_decoder": "1.0.3",
				"util-deprecate": "1.0.2"
			}
		},
		"safe-buffer": {
			"version": "5.1.1",
			"resolved": "https://registry.npmjs.org/safe-buffer/-/safe-buffer-5.1.1.tgz",
			"integrity": "sha512-kKvNJn6Mm93gAczWVJg7wH+wGYWNrDHdWvpUmHyEsgCtIwwo3bqPtV4tR5tuPaUhTOo/kvhVwd8XwwOllGYkbg=="
		},
		"sanitize-html": {
			"version": "1.15.0",
			"resolved": "https://registry.npmjs.org/sanitize-html/-/sanitize-html-1.15.0.tgz",
			"integrity": "sha512-1jWLToWx8ZV53Z1Jg+2fHl8dNFsxvQt2Cmrk4o/z1+MUdB5EXSU0QVuzlGGhfp7cQrYbEEfMO/TUWHfkBUqujQ==",
			"requires": {
				"htmlparser2": "3.9.2",
				"lodash.escaperegexp": "4.1.2",
				"srcset": "1.0.0",
				"xtend": "4.0.1"
			}
		},
		"semver": {
			"version": "5.4.1",
			"resolved": "https://registry.npmjs.org/semver/-/semver-5.4.1.tgz",
			"integrity": "sha512-WfG/X9+oATh81XtllIo/I8gOiY9EXRdv1cQdyykeXK17YcUW3EXUAi2To4pcH6nZtJPr7ZOpM5OMyWJZm+8Rsg=="
		},
		"shell-quote": {
			"version": "1.6.1",
			"resolved": "https://registry.npmjs.org/shell-quote/-/shell-quote-1.6.1.tgz",
			"integrity": "sha1-9HgZSczkAmlxJ0MOo7PFR29IF2c=",
			"requires": {
				"array-filter": "0.0.1",
				"array-map": "0.0.0",
				"array-reduce": "0.0.0",
				"jsonify": "0.0.0"
			}
		},
		"srcset": {
			"version": "1.0.0",
			"resolved": "https://registry.npmjs.org/srcset/-/srcset-1.0.0.tgz",
			"integrity": "sha1-pWad4StC87HV6D7QPHEEb8SPQe8=",
			"requires": {
				"array-uniq": "1.0.3",
				"number-is-nan": "1.0.1"
			}
		},
		"string_decoder": {
			"version": "1.0.3",
			"resolved": "https://registry.npmjs.org/string_decoder/-/string_decoder-1.0.3.tgz",
			"integrity": "sha512-4AH6Z5fzNNBcH+6XDMfA/BTt87skxqJlO0lAh3Dker5zThcAxG6mKz+iGu308UKoPPQ8Dcqx/4JhujzltRa+hQ==",
			"requires": {
				"safe-buffer": "5.1.1"
			}
		},
		"util-deprecate": {
			"version": "1.0.2",
			"resolved": "https://registry.npmjs.org/util-deprecate/-/util-deprecate-1.0.2.tgz",
			"integrity": "sha1-RQ1Nyfpw3nMnYvvS1KKJgUGaDM8="
		},
		"uuid": {
			"version": "3.1.0",
			"resolved": "https://registry.npmjs.org/uuid/-/uuid-3.1.0.tgz",
			"integrity": "sha512-DIWtzUkw04M4k3bf1IcpS2tngXEL26YUD2M0tMDUpnUrz2hgzUBlD55a4FjdLGPvfHxS6uluGWvaVEqgBcVa+g=="
		},
		"xtend": {
			"version": "4.0.1",
			"resolved": "https://registry.npmjs.org/xtend/-/xtend-4.0.1.tgz",
			"integrity": "sha1-pcbVMr5lbiPbgg77lDofBJmNY68="
		}
	}
}
